
Microsoft Visual Studio Solution File, Format Version 11.00
# Visual Studio 2010
Project("{FAE04EC0-301F-11D3-BF4B-00C04F79EFBC}") = "Spacecraft GT", "Spacecraft GT.csproj", "{69AAE249-40F4-4017-BB73-88BBCD35A3B0}"
EndProject
Global
	GlobalSection(SolutionConfigurationPlatforms) = preSolution
		Debug|x86 = Debug|x86
		Release|x86 = Release|x86
	EndGlobalSection
	GlobalSection(ProjectConfigurationPlatforms) = postSolution
		{69AAE249-40F4-4017-BB73-88BBCD35A3B0}.Debug|x86.ActiveCfg = Debug|x86
		{69AAE249-40F4-4017-BB73-88BBCD35A3B0}.Debug|x86.Build.0 = Debug|x86
		{69AAE249-40F4-4017-BB73-88BBCD35A3B0}.Release|x86.ActiveCfg = Release|x86
		{69AAE249-40F4-4017-BB73-88BBCD35A3B0}.Release|x86.Build.0 = Release|x86
	EndGlobalSection
	GlobalSection(MonoDevelopProperties) = preSolution
		StartupItem = Spacecraft GT.csproj
	EndGlobalSection
EndGlobal
